
Microsoft Visual Studio Solution File, Format Version 12.00
# Visual Studio Version 16
VisualStudioVersion = 16.0.31321.278
MinimumVisualStudioVersion = 10.0.40219.1
Project("{FAE04EC0-301F-11D3-BF4B-00C04F79EFBC}") = "chip8-emu", "chip8-emu.csproj", "{35D5D347-C13C-4397-9596-7741314FF781}"
EndProject
Global
	GlobalSection(SolutionConfigurationPlatforms) = preSolution
		Debug|Any CPU = Debug|Any CPU
		Release|Any CPU = Release|Any CPU
	EndGlobalSection
	GlobalSection(ProjectConfigurationPlatforms) = postSolution
		{35D5D347-C13C-4397-9596-7741314FF781}.Debug|Any CPU.ActiveCfg = Debug|Any CPU
		{35D5D347-C13C-4397-9596-7741314FF781}.Debug|Any CPU.Build.0 = Debug|Any CPU
		{35D5D347-C13C-4397-9596-7741314FF781}.Release|Any CPU.ActiveCfg = Release|Any CPU
		{35D5D347-C13C-4397-9596-7741314FF781}.Release|Any CPU.Build.0 = Release|Any CPU
	EndGlobalSection
	GlobalSection(SolutionProperties) = preSolution
		HideSolutionNode = FALSE
	EndGlobalSection
	GlobalSection(ExtensibilityGlobals) = postSolution
		SolutionGuid = {7DAF49A6-B154-4D86-AAB6-E8BE2D9C7672}
	EndGlobalSection
EndGlobal
